
Microsoft Visual Studio Solution File, Format Version 12.00
# Visual Studio 15
VisualStudioVersion = 15.0.28307.1062
MinimumVisualStudioVersion = 10.0.40219.1
Project("{FAE04EC0-301F-11D3-BF4B-00C04F79EFBC}") = "Caso2", "Caso2\Caso2.csproj", "{D5DB1B53-5709-4C39-B93D-D849FD489939}"
EndProject
Global
	GlobalSection(SolutionConfigurationPlatforms) = preSolution
		Debug|Any CPU = Debug|Any CPU
		Release|Any CPU = Release|Any CPU
	EndGlobalSection
	GlobalSection(ProjectConfigurationPlatforms) = postSolution
		{D5DB1B53-5709-4C39-B93D-D849FD489939}.Debug|Any CPU.ActiveCfg = Debug|Any CPU
		{D5DB1B53-5709-4C39-B93D-D849FD489939}.Debug|Any CPU.Build.0 = Debug|Any CPU
		{D5DB1B53-5709-4C39-B93D-D849FD489939}.Release|Any CPU.ActiveCfg = Release|Any CPU
		{D5DB1B53-5709-4C39-B93D-D849FD489939}.Release|Any CPU.Build.0 = Release|Any CPU
	EndGlobalSection
	GlobalSection(SolutionProperties) = preSolution
		HideSolutionNode = FALSE
	EndGlobalSection
	GlobalSection(ExtensibilityGlobals) = postSolution
		SolutionGuid = {3CEE2761-FB35-4A9C-80B0-936F1E126FF7}
	EndGlobalSection
EndGlobal
